// !$*UTF8*$!
{
	archiveVersion = 1;
	classes = {
	};
	objectVersion = 46;
	objects = {

/* Begin PBXBuildFile section */
		8BA9A7C01A7246B100E98FAF /* AppDelegate.swift in Sources */ = {isa = PBXBuildFile; fileRef = 8BA9A7BF1A7246B100E98FAF /* AppDelegate.swift */; };
		8BA9A7C21A7246B100E98FAF /* ViewController.swift in Sources */ = {isa = PBXBuildFile; fileRef = 8BA9A7C11A7246B100E98FAF /* ViewController.swift */; };
		8BA9A7C51A7246B100E98FAF /* Main.storyboard in Resources */ = {isa = PBXBuildFile; fileRef = 8BA9A7C31A7246B100E98FAF /* Main.storyboard */; };
		8BA9A7C71A7246B100E98FAF /* Images.xcassets in Resources */ = {isa = PBXBuildFile; fileRef = 8BA9A7C61A7246B100E98FAF /* Images.xcassets */; };
		8BA9A7CA1A7246B100E98FAF /* LaunchScreen.xib in Resources */ = {isa = PBXBuildFile; fileRef = 8BA9A7C81A7246B100E98FAF /* LaunchScreen.xib */; };
		8BA9A7D61A7246B100E98FAF /* CustomActivityIndicatorViewTestTests.swift in Sources */ = {isa = PBXBuildFile; fileRef = 8BA9A7D51A7246B100E98FAF /* CustomActivityIndicatorViewTestTests.swift */; };
		8BA9A7E21A7246F900E98FAF /* CustomActivityIndicatorView.swift in Sources */ = {isa = PBXBuildFile; fileRef = 8BA9A7DF1A7246F900E98FAF /* CustomActivityIndicatorView.swift */; };
		8BA9A7E31A7246F900E98FAF /* loading@2x.png in Resources */ = {isa = PBXBuildFile; fileRef = 8BA9A7E01A7246F900E98FAF /* loading@2x.png */; };
		8BA9A7E41A7246F900E98FAF /* loading.png in Resources */ = {isa = PBXBuildFile; fileRef = 8BA9A7E11A7246F900E98FAF /* loading.png */; };
/* End PBXBuildFile section */

/* Begin PBXContainerItemProxy section */
		8BA9A7D01A7246B100E98FAF /* PBXContainerItemProxy */ = {
			isa = PBXContainerItemProxy;
			containerPortal = 8BA9A7B21A7246B100E98FAF /* Project object */;
			proxyType = 1;
			remoteGlobalIDString = 8BA9A7B91A7246B100E98FAF;
			remoteInfo = CustomActivityIndicatorViewTest;
		};
/* End PBXContainerItemProxy section */

/* Begin PBXFileReference section */
		8BA9A7BA1A7246B100E98FAF /* CustomActivityIndicatorViewTest.app */ = {isa = PBXFileReference; explicitFileType = wrapper.application; includeInIndex = 0; path = CustomActivityIndicatorViewTest.app; sourceTree = BUILT_PRODUCTS_DIR; };
		8BA9A7BE1A7246B100E98FAF /* Info.plist */ = {isa = PBXFileReference; lastKnownFileType = text.plist.xml; path = Info.plist; sourceTree = "<group>"; };
		8BA9A7BF1A7246B100E98FAF /* AppDelegate.swift */ = {isa = PBXFileReference; lastKnownFileType = sourcecode.swift; path = AppDelegate.swift; sourceTree = "<group>"; };
		8BA9A7C11A7246B100E98FAF /* ViewController.swift */ = {isa = PBXFileReference; lastKnownFileType = sourcecode.swift; path = ViewController.swift; sourceTree = "<group>"; };
		8BA9A7C41A7246B100E98FAF /* Base */ = {isa = PBXFileReference; lastKnownFileType = file.storyboard; name = Base; path = Base.lproj/Main.storyboard; sourceTree = "<group>"; };
		8BA9A7C61A7246B100E98FAF /* Images.xcassets */ = {isa = PBXFileReference; lastKnownFileType = folder.assetcatalog; path = Images.xcassets; sourceTree = "<group>"; };
		8BA9A7C91A7246B100E98FAF /* Base */ = {isa = PBXFileReference; lastKnownFileType = file.xib; name = Base; path = Base.lproj/LaunchScreen.xib; sourceTree = "<group>"; };
		8BA9A7CF1A7246B100E98FAF /* CustomActivityIndicatorViewTestTests.xctest */ = {isa = PBXFileReference; explicitFileType = wrapper.cfbundle; includeInIndex = 0; path = CustomActivityIndicatorViewTestTests.xctest; sourceTree = BUILT_PRODUCTS_DIR; };
		8BA9A7D41A7246B100E98FAF /* Info.plist */ = {isa = PBXFileReference; lastKnownFileType = text.plist.xml; path = Info.plist; sourceTree = "<group>"; };
		8BA9A7D51A7246B100E98FAF /* CustomActivityIndicatorViewTestTests.swift */ = {isa = PBXFileReference; lastKnownFileType = sourcecode.swift; path = CustomActivityIndicatorViewTestTests.swift; sourceTree = "<group>"; };
		8BA9A7DF1A7246F900E98FAF /* CustomActivityIndicatorView.swift */ = {isa = PBXFileReference; fileEncoding = 4; lastKnownFileType = sourcecode.swift; path = CustomActivityIndicatorView.swift; sourceTree = "<group>"; };
		8BA9A7E01A7246F900E98FAF /* loading@2x.png */ = {isa = PBXFileReference; lastKnownFileType = image.png; path = "loading@2x.png"; sourceTree = "<group>"; };
		8BA9A7E11A7246F900E98FAF /* loading.png */ = {isa = PBXFileReference; lastKnownFileType = image.png; path = loading.png; sourceTree = "<group>"; };
/* End PBXFileReference section */

/* Begin PBXFrameworksBuildPhase section */
		8BA9A7B71A7246B100E98FAF /* Frameworks */ = {
			isa = PBXFrameworksBuildPhase;
			buildActionMask = 2147483647;
			files = (
			);
			runOnlyForDeploymentPostprocessing = 0;
		};
		8BA9A7CC1A7246B100E98FAF /* Frameworks */ = {
			isa = PBXFrameworksBuildPhase;
			buildActionMask = 2147483647;
			files = (
			);
			runOnlyForDeploymentPostprocessing = 0;
		};
/* End PBXFrameworksBuildPhase section */

/* Begin PBXGroup section */
		8BA9A7B11A7246B100E98FAF = {
			isa = PBXGroup;
			children = (
				8BA9A7BC1A7246B100E98FAF /* CustomActivityIndicatorViewTest */,
				8BA9A7D21A7246B100E98FAF /* CustomActivityIndicatorViewTestTests */,
				8BA9A7BB1A7246B100E98FAF /* Products */,
			);
			sourceTree = "<group>";
		};
		8BA9A7BB1A7246B100E98FAF /* Products */ = {
			isa = PBXGroup;
			children = (
				8BA9A7BA1A7246B100E98FAF /* CustomActivityIndicatorViewTest.app */,
				8BA9A7CF1A7246B100E98FAF /* CustomActivityIndicatorViewTestTests.xctest */,
			);
			name = Products;
			sourceTree = "<group>";
		};
		8BA9A7BC1A7246B100E98FAF /* CustomActivityIndicatorViewTest */ = {
			isa = PBXGroup;
			children = (
				8BA9A7DF1A7246F900E98FAF /* CustomActivityIndicatorView.swift */,
				8BA9A7E01A7246F900E98FAF /* loading@2x.png */,
				8BA9A7E11A7246F900E98FAF /* loading.png */,
				8BA9A7BF1A7246B100E98FAF /* AppDelegate.swift */,
				8BA9A7C11A7246B100E98FAF /* ViewController.swift */,
				8BA9A7C31A7246B100E98FAF /* Main.storyboard */,
				8BA9A7C61A7246B100E98FAF /* Images.xcassets */,
				8BA9A7C81A7246B100E98FAF /* LaunchScreen.xib */,
				8BA9A7BD1A7246B100E98FAF /* Supporting Files */,
			);
			path = CustomActivityIndicatorViewTest;
			sourceTree = "<group>";
		};
		8BA9A7BD1A7246B100E98FAF /* Supporting Files */ = {
			isa = PBXGroup;
			children = (
				8BA9A7BE1A7246B100E98FAF /* Info.plist */,
			);
			name = "Supporting Files";
			sourceTree = "<group>";
		};
		8BA9A7D21A7246B100E98FAF /* CustomActivityIndicatorViewTestTests */ = {
			isa = PBXGroup;
			children = (
				8BA9A7D51A7246B100E98FAF /* CustomActivityIndicatorViewTestTests.swift */,
				8BA9A7D31A7246B100E98FAF /* Supporting Files */,
			);
			path = CustomActivityIndicatorViewTestTests;
			sourceTree = "<group>";
		};
		8BA9A7D31A7246B100E98FAF /* Supporting Files */ = {
			isa = PBXGroup;
			children = (
				8BA9A7D41A7246B100E98FAF /* Info.plist */,
			);
			name = "Supporting Files";
			sourceTree = "<group>";
		};
/* End PBXGroup section */

/* Begin PBXNativeTarget section */
		8BA9A7B91A7246B100E98FAF /* CustomActivityIndicatorViewTest */ = {
			isa = PBXNativeTarget;
			buildConfigurationList = 8BA9A7D91A7246B100E98FAF /* Build configuration list for PBXNativeTarget "CustomActivityIndicatorViewTest" */;
			buildPhases = (
				8BA9A7B61A7246B100E98FAF /* Sources */,
				8BA9A7B71A7246B100E98FAF /* Frameworks */,
				8BA9A7B81A7246B100E98FAF /* Resources */,
			);
			buildRules = (
			);
			dependencies = (
			);
			name = CustomActivityIndicatorViewTest;
			productName = CustomActivityIndicatorViewTest;
			productReference = 8BA9A7BA1A7246B100E98FAF /* CustomActivityIndicatorViewTest.app */;
			productType = "com.apple.product-type.application";
		};
		8BA9A7CE1A7246B100E98FAF /* CustomActivityIndicatorViewTestTests */ = {
			isa = PBXNativeTarget;
			buildConfigurationList = 8BA9A7DC1A7246B100E98FAF /* Build configuration list for PBXNativeTarget "CustomActivityIndicatorViewTestTests" */;
			buildPhases = (
				8BA9A7CB1A7246B100E98FAF /* Sources */,
				8BA9A7CC1A7246B100E98FAF /* Frameworks */,
				8BA9A7CD1A7246B100E98FAF /* Resources */,
			);
			buildRules = (
			);
			dependencies = (
				8BA9A7D11A7246B100E98FAF /* PBXTargetDependency */,
			);
			name = CustomActivityIndicatorViewTestTests;
			productName = CustomActivityIndicatorViewTestTests;
			productReference = 8BA9A7CF1A7246B100E98FAF /* CustomActivityIndicatorViewTestTests.xctest */;
			productType = "com.apple.product-type.bundle.unit-test";
		};
/* End PBXNativeTarget section */

/* Begin PBXProject section */
		8BA9A7B21A7246B100E98FAF /* Project object */ = {
			isa = PBXProject;
			attributes = {
				LastUpgradeCheck = 0610;
				ORGANIZATIONNAME = syuryev;
				TargetAttributes = {
					8BA9A7B91A7246B100E98FAF = {
						CreatedOnToolsVersion = 6.1.1;
					};
					8BA9A7CE1A7246B100E98FAF = {
						CreatedOnToolsVersion = 6.1.1;
						TestTargetID = 8BA9A7B91A7246B100E98FAF;
					};
				};
			};
			buildConfigurationList = 8BA9A7B51A7246B100E98FAF /* Build configuration list for PBXProject "CustomActivityIndicatorViewTest" */;
			compatibilityVersion = "Xcode 3.2";
			developmentRegion = English;
			hasScannedForEncodings = 0;
			knownRegions = (
				en,
				Base,
			);
			mainGroup = 8BA9A7B11A7246B100E98FAF;
			productRefGroup = 8BA9A7BB1A7246B100E98FAF /* Products */;
			projectDirPath = "";
			projectRoot = "";
			targets = (
				8BA9A7B91A7246B100E98FAF /* CustomActivityIndicatorViewTest */,
				8BA9A7CE1A7246B100E98FAF /* CustomActivityIndicatorViewTestTests */,
			);
		};
/* End PBXProject section */

/* Begin PBXResourcesBuildPhase section */
		8BA9A7B81A7246B100E98FAF /* Resources */ = {
			isa = PBXResourcesBuildPhase;
			buildActionMask = 2147483647;
			files = (
				8BA9A7E41A7246F900E98FAF /* loading.png in Resources */,
				8BA9A7C51A7246B100E98FAF /* Main.storyboard in Resources */,
				8BA9A7E31A7246F900E98FAF /* loading@2x.png in Resources */,
				8BA9A7CA1A7246B100E98FAF /* LaunchScreen.xib in Resources */,
				8BA9A7C71A7246B100E98FAF /* Images.xcassets in Resources */,
			);
			runOnlyForDeploymentPostprocessing = 0;
		};
		8BA9A7CD1A7246B100E98FAF /* Resources */ = {
			isa = PBXResourcesBuildPhase;
			buildActionMask = 2147483647;
			files = (
			);
			runOnlyForDeploymentPostprocessing = 0;
		};
/* End PBXResourcesBuildPhase section */

/* Begin PBXSourcesBuildPhase section */
		8BA9A7B61A7246B100E98FAF /* Sources */ = {
			isa = PBXSourcesBuildPhase;
			buildActionMask = 2147483647;
			files = (
				8BA9A7E21A7246F900E98FAF /* CustomActivityIndicatorView.swift in Sources */,
				8BA9A7C21A7246B100E98FAF /* ViewController.swift in Sources */,
				8BA9A7C01A7246B100E98FAF /* AppDelegate.swift in Sources */,
			);
			runOnlyForDeploymentPostprocessing = 0;
		};
		8BA9A7CB1A7246B100E98FAF /* Sources */ = {
			isa = PBXSourcesBuildPhase;
			buildActionMask = 2147483647;
			files = (
				8BA9A7D61A7246B100E98FAF /* CustomActivityIndicatorViewTestTests.swift in Sources */,
			);
			runOnlyForDeploymentPostprocessing = 0;
		};
/* End PBXSourcesBuildPhase section */

/* Begin PBXTargetDependency section */
		8BA9A7D11A7246B100E98FAF /* PBXTargetDependency */ = {
			isa = PBXTargetDependency;
			target = 8BA9A7B91A7246B100E98FAF /* CustomActivityIndicatorViewTest */;
			targetProxy = 8BA9A7D01A7246B100E98FAF /* PBXContainerItemProxy */;
		};
/* End PBXTargetDependency section */

/* Begin PBXVariantGroup section */
		8BA9A7C31A7246B100E98FAF /* Main.storyboard */ = {
			isa = PBXVariantGroup;
			children = (
				8BA9A7C41A7246B100E98FAF /* Base */,
			);
			name = Main.storyboard;
			sourceTree = "<group>";
		};
		8BA9A7C81A7246B100E98FAF /* LaunchScreen.xib */ = {
			isa = PBXVariantGroup;
			children = (
				8BA9A7C91A7246B100E98FAF /* Base */,
			);
			name = LaunchScreen.xib;
			sourceTree = "<group>";
		};
/* End PBXVariantGroup section */

/* Begin XCBuildConfiguration section */
		8BA9A7D71A7246B100E98FAF /* Debug */ = {
			isa = XCBuildConfiguration;
			buildSettings = {
				ALWAYS_SEARCH_USER_PATHS = NO;
				CLANG_CXX_LANGUAGE_STANDARD = "gnu++0x";
				CLANG_CXX_LIBRARY = "libc++";
				CLANG_ENABLE_MODULES = YES;
				CLANG_ENABLE_OBJC_ARC = YES;
				CLANG_WARN_BOOL_CONVERSION = YES;
				CLANG_WARN_CONSTANT_CONVERSION = YES;
				CLANG_WARN_DIRECT_OBJC_ISA_USAGE = YES_ERROR;
				CLANG_WARN_EMPTY_BODY = YES;
				CLANG_WARN_ENUM_CONVERSION = YES;
				CLANG_WARN_INT_CONVERSION = YES;
				CLANG_WARN_OBJC_ROOT_CLASS = YES_ERROR;
				CLANG_WARN_UNREACHABLE_CODE = YES;
				CLANG_WARN__DUPLICATE_METHOD_MATCH = YES;
				"CODE_SIGN_IDENTITY[sdk=iphoneos*]" = "iPhone Developer";
				COPY_PHASE_STRIP = NO;
				ENABLE_STRICT_OBJC_MSGSEND = YES;
				GCC_C_LANGUAGE_STANDARD = gnu99;
				GCC_DYNAMIC_NO_PIC = NO;
				GCC_OPTIMIZATION_LEVEL = 0;
				GCC_PREPROCESSOR_DEFINITIONS = (
					"DEBUG=1",
					"$(inherited)",
				);
				GCC_SYMBOLS_PRIVATE_EXTERN = NO;
				GCC_WARN_64_TO_32_BIT_CONVERSION = YES;
				GCC_WARN_ABOUT_RETURN_TYPE = YES_ERROR;
				GCC_WARN_UNDECLARED_SELECTOR = YES;
				GCC_WARN_UNINITIALIZED_AUTOS = YES_AGGRESSIVE;
				GCC_WARN_UNUSED_FUNCTION = YES;
				GCC_WARN_UNUSED_VARIABLE = YES;
				IPHONEOS_DEPLOYMENT_TARGET = 8.1;
				MTL_ENABLE_DEBUG_INFO = YES;
				ONLY_ACTIVE_ARCH = YES;
				SDKROOT = iphoneos;
				SWIFT_OPTIMIZATION_LEVEL = "-Onone";
				TARGETED_DEVICE_FAMILY = "1,2";
			};
			name = Debug;
		};
		8BA9A7D81A7246B100E98FAF /* Release */ = {
			isa = XCBuildConfiguration;
			buildSettings = {
				ALWAYS_SEARCH_USER_PATHS = NO;
				CLANG_CXX_LANGUAGE_STANDARD = "gnu++0x";
				CLANG_CXX_LIBRARY = "libc++";
				CLANG_ENABLE_MODULES = YES;
				CLANG_ENABLE_OBJC_ARC = YES;
				CLANG_WARN_BOOL_CONVERSION = YES;
				CLANG_WARN_CONSTANT_CONVERSION = YES;
				CLANG_WARN_DIRECT_OBJC_ISA_USAGE = YES_ERROR;
				CLANG_WARN_EMPTY_BODY = YES;
				CLANG_WARN_ENUM_CONVERSION = YES;
				CLANG_WARN_INT_CONVERSION = YES;
				CLANG_WARN_OBJC_ROOT_CLASS = YES_ERROR;
				CLANG_WARN_UNREACHABLE_CODE = YES;
				CLANG_WARN__DUPLICATE_METHOD_MATCH = YES;
				"CODE_SIGN_IDENTITY[sdk=iphoneos*]" = "iPhone Developer";
				COPY_PHASE_STRIP = YES;
				ENABLE_NS_ASSERTIONS = NO;
				ENABLE_STRICT_OBJC_MSGSEND = YES;
				GCC_C_LANGUAGE_STANDARD = gnu99;
				GCC_WARN_64_TO_32_BIT_CONVERSION = YES;
				GCC_WARN_ABOUT_RETURN_TYPE = YES_ERROR;
				GCC_WARN_UNDECLARED_SELECTOR = YES;
				GCC_WARN_UNINITIALIZED_AUTOS = YES_AGGRESSIVE;
				GCC_WARN_UNUSED_FUNCTION = YES;
				GCC_WARN_UNUSED_VARIABLE = YES;
				IPHONEOS_DEPLOYMENT_TARGET = 8.1;
				MTL_ENABLE_DEBUG_INFO = NO;
				SDKROOT = iphoneos;
				TARGETED_DEVICE_FAMILY = "1,2";
				VALIDATE_PRODUCT = YES;
			};
			name = Release;
		};
		8BA9A7DA1A7246B100E98FAF /* Debug */ = {
			isa = XCBuildConfiguration;
			buildSettings = {
				ASSETCATALOG_COMPILER_APPICON_NAME = AppIcon;
				INFOPLIST_FILE = CustomActivityIndicatorViewTest/Info.plist;
				LD_RUNPATH_SEARCH_PATHS = "$(inherited) @executable_path/Frameworks";
				PRODUCT_NAME = "$(TARGET_NAME)";
			};
			name = Debug;
		};
		8BA9A7DB1A7246B100E98FAF /* Release */ = {
			isa = XCBuildConfiguration;
			buildSettings = {
				ASSETCATALOG_COMPILER_APPICON_NAME = AppIcon;
				INFOPLIST_FILE = CustomActivityIndicatorViewTest/Info.plist;
				LD_RUNPATH_SEARCH_PATHS = "$(inherited) @executable_path/Frameworks";
				PRODUCT_NAME = "$(TARGET_NAME)";
			};
			name = Release;
		};
		8BA9A7DD1A7246B100E98FAF /* Debug */ = {
			isa = XCBuildConfiguration;
			buildSettings = {
				BUNDLE_LOADER = "$(TEST_HOST)";
				FRAMEWORK_SEARCH_PATHS = (
					"$(SDKROOT)/Developer/Library/Frameworks",
					"$(inherited)",
				);
				GCC_PREPROCESSOR_DEFINITIONS = (
					"DEBUG=1",
					"$(inherited)",
				);
				INFOPLIST_FILE = CustomActivityIndicatorViewTestTests/Info.plist;
				LD_RUNPATH_SEARCH_PATHS = "$(inherited) @executable_path/Frameworks @loader_path/Frameworks";
				PRODUCT_NAME = "$(TARGET_NAME)";
				TEST_HOST = "$(BUILT_PRODUCTS_DIR)/CustomActivityIndicatorViewTest.app/CustomActivityIndicatorViewTest";
			};
			name = Debug;
		};
		8BA9A7DE1A7246B100E98FAF /* Release */ = {
			isa = XCBuildConfiguration;
			buildSettings = {
				BUNDLE_LOADER = "$(TEST_HOST)";
				FRAMEWORK_SEARCH_PATHS = (
					"$(SDKROOT)/Developer/Library/Frameworks",
					"$(inherited)",
				);
				INFOPLIST_FILE = CustomActivityIndicatorViewTestTests/Info.plist;
				LD_RUNPATH_SEARCH_PATHS = "$(inherited) @executable_path/Frameworks @loader_path/Frameworks";
				PRODUCT_NAME = "$(TARGET_NAME)";
				TEST_HOST = "$(BUILT_PRODUCTS_DIR)/CustomActivityIndicatorViewTest.app/CustomActivityIndicatorViewTest";
			};
			name = Release;
		};
/* End XCBuildConfiguration section */

/* Begin XCConfigurationList section */
		8BA9A7B51A7246B100E98FAF /* Build configuration list for PBXProject "CustomActivityIndicatorViewTest" */ = {
			isa = XCConfigurationList;
			buildConfigurations = (
				8BA9A7D71A7246B100E98FAF /* Debug */,
				8BA9A7D81A7246B100E98FAF /* Release */,
			);
			defaultConfigurationIsVisible = 0;
			defaultConfigurationName = Release;
		};
		8BA9A7D91A7246B100E98FAF /* Build configuration list for PBXNativeTarget "CustomActivityIndicatorViewTest" */ = {
			isa = XCConfigurationList;
			buildConfigurations = (
				8BA9A7DA1A7246B100E98FAF /* Debug */,
				8BA9A7DB1A7246B100E98FAF /* Release */,
			);
			defaultConfigurationIsVisible = 0;
		};
		8BA9A7DC1A7246B100E98FAF /* Build configuration list for PBXNativeTarget "CustomActivityIndicatorViewTestTests" */ = {
			isa = XCConfigurationList;
			buildConfigurations = (
				8BA9A7DD1A7246B100E98FAF /* Debug */,
				8BA9A7DE1A7246B100E98FAF /* Release */,
			);
			defaultConfigurationIsVisible = 0;
		};
/* End XCConfigurationList section */
	};
	rootObject = 8BA9A7B21A7246B100E98FAF /* Project object */;
}
